
Microsoft Visual Studio Solution File, Format Version 12.00
# Visual Studio Version 17
VisualStudioVersion = 17.7.34018.315
MinimumVisualStudioVersion = 10.0.40219.1
Project("{FAE04EC0-301F-11D3-BF4B-00C04F79EFBC}") = "Sender.Api", "Sender.Api\Sender.Api.csproj", "{2CB561E5-9951-4801-A806-8E7141978B73}"
EndProject
Project("{FAE04EC0-301F-11D3-BF4B-00C04F79EFBC}") = "Receiver.Api", "Receiver.Api\Receiver.Api.csproj", "{FE9DC37E-D012-4E48-9FCE-9DA7071DCCF7}"
EndProject
Project("{FAE04EC0-301F-11D3-BF4B-00C04F79EFBC}") = "RabbitMQDemo.Core", "RabbitMQDemo.Core\RabbitMQDemo.Core.csproj", "{9515148F-8313-49FC-8369-A77CCA74745D}"
EndProject
Global
	GlobalSection(SolutionConfigurationPlatforms) = preSolution
		Debug|Any CPU = Debug|Any CPU
		Release|Any CPU = Release|Any CPU
	EndGlobalSection
	GlobalSection(ProjectConfigurationPlatforms) = postSolution
		{2CB561E5-9951-4801-A806-8E7141978B73}.Debug|Any CPU.ActiveCfg = Debug|Any CPU
		{2CB561E5-9951-4801-A806-8E7141978B73}.Debug|Any CPU.Build.0 = Debug|Any CPU
		{2CB561E5-9951-4801-A806-8E7141978B73}.Release|Any CPU.ActiveCfg = Release|Any CPU
		{2CB561E5-9951-4801-A806-8E7141978B73}.Release|Any CPU.Build.0 = Release|Any CPU
		{FE9DC37E-D012-4E48-9FCE-9DA7071DCCF7}.Debug|Any CPU.ActiveCfg = Debug|Any CPU
		{FE9DC37E-D012-4E48-9FCE-9DA7071DCCF7}.Debug|Any CPU.Build.0 = Debug|Any CPU
		{FE9DC37E-D012-4E48-9FCE-9DA7071DCCF7}.Release|Any CPU.ActiveCfg = Release|Any CPU
		{FE9DC37E-D012-4E48-9FCE-9DA7071DCCF7}.Release|Any CPU.Build.0 = Release|Any CPU
		{9515148F-8313-49FC-8369-A77CCA74745D}.Debug|Any CPU.ActiveCfg = Debug|Any CPU
		{9515148F-8313-49FC-8369-A77CCA74745D}.Debug|Any CPU.Build.0 = Debug|Any CPU
		{9515148F-8313-49FC-8369-A77CCA74745D}.Release|Any CPU.ActiveCfg = Release|Any CPU
		{9515148F-8313-49FC-8369-A77CCA74745D}.Release|Any CPU.Build.0 = Release|Any CPU
	EndGlobalSection
	GlobalSection(SolutionProperties) = preSolution
		HideSolutionNode = FALSE
	EndGlobalSection
	GlobalSection(ExtensibilityGlobals) = postSolution
		SolutionGuid = {FE6C946F-5D6C-47FC-9A05-91BFADC59784}
	EndGlobalSection
EndGlobal
